
Microsoft Visual Studio Solution File, Format Version 12.00
# Visual Studio Version 17
VisualStudioVersion = 17.7.34018.315
MinimumVisualStudioVersion = 10.0.40219.1
Project("{FAE04EC0-301F-11D3-BF4B-00C04F79EFBC}") = "AppliPendu", "AppliPendu\AppliPendu.csproj", "{92B123D8-D840-4EA9-9097-79AF0F8143AD}"
EndProject
Global
	GlobalSection(SolutionConfigurationPlatforms) = preSolution
		Debug|Any CPU = Debug|Any CPU
		Release|Any CPU = Release|Any CPU
	EndGlobalSection
	GlobalSection(ProjectConfigurationPlatforms) = postSolution
		{92B123D8-D840-4EA9-9097-79AF0F8143AD}.Debug|Any CPU.ActiveCfg = Debug|Any CPU
		{92B123D8-D840-4EA9-9097-79AF0F8143AD}.Debug|Any CPU.Build.0 = Debug|Any CPU
		{92B123D8-D840-4EA9-9097-79AF0F8143AD}.Release|Any CPU.ActiveCfg = Release|Any CPU
		{92B123D8-D840-4EA9-9097-79AF0F8143AD}.Release|Any CPU.Build.0 = Release|Any CPU
	EndGlobalSection
	GlobalSection(SolutionProperties) = preSolution
		HideSolutionNode = FALSE
	EndGlobalSection
	GlobalSection(ExtensibilityGlobals) = postSolution
		SolutionGuid = {25D65172-50D0-40E8-B2CE-0BBC4C6C7282}
	EndGlobalSection
EndGlobal
